
Microsoft Visual Studio Solution File, Format Version 12.00
# Visual Studio Version 16
VisualStudioVersion = 16.0.30104.148
MinimumVisualStudioVersion = 10.0.40219.1
Project("{FAE04EC0-301F-11D3-BF4B-00C04F79EFBC}") = "Observer", "Observer\Observer.csproj", "{613DDCDC-05B1-4A17-AF60-1EA1AC3536AD}"
EndProject
Global
	GlobalSection(SolutionConfigurationPlatforms) = preSolution
		Debug|Any CPU = Debug|Any CPU
		Release|Any CPU = Release|Any CPU
	EndGlobalSection
	GlobalSection(ProjectConfigurationPlatforms) = postSolution
		{613DDCDC-05B1-4A17-AF60-1EA1AC3536AD}.Debug|Any CPU.ActiveCfg = Debug|Any CPU
		{613DDCDC-05B1-4A17-AF60-1EA1AC3536AD}.Debug|Any CPU.Build.0 = Debug|Any CPU
		{613DDCDC-05B1-4A17-AF60-1EA1AC3536AD}.Release|Any CPU.ActiveCfg = Release|Any CPU
		{613DDCDC-05B1-4A17-AF60-1EA1AC3536AD}.Release|Any CPU.Build.0 = Release|Any CPU
	EndGlobalSection
	GlobalSection(SolutionProperties) = preSolution
		HideSolutionNode = FALSE
	EndGlobalSection
	GlobalSection(ExtensibilityGlobals) = postSolution
		SolutionGuid = {8ACD7CCF-B520-4F7D-BEB5-8303F00FF57B}
	EndGlobalSection
EndGlobal
